
Microsoft Visual Studio Solution File, Format Version 12.00
# Visual Studio Version 17
VisualStudioVersion = 17.14.36408.4 d17.14
MinimumVisualStudioVersion = 10.0.40219.1
Project("{FAE04EC0-301F-11D3-BF4B-00C04F79EFBC}") = "StudentManagmentSYS", "StudentManagmentSYS\StudentManagmentSYS.csproj", "{C59BD573-F18B-47F1-B95F-449A0D8F31FC}"
EndProject
Global
	GlobalSection(SolutionConfigurationPlatforms) = preSolution
		Debug|Any CPU = Debug|Any CPU
		Release|Any CPU = Release|Any CPU
	EndGlobalSection
	GlobalSection(ProjectConfigurationPlatforms) = postSolution
		{C59BD573-F18B-47F1-B95F-449A0D8F31FC}.Debug|Any CPU.ActiveCfg = Debug|Any CPU
		{C59BD573-F18B-47F1-B95F-449A0D8F31FC}.Debug|Any CPU.Build.0 = Debug|Any CPU
		{C59BD573-F18B-47F1-B95F-449A0D8F31FC}.Release|Any CPU.ActiveCfg = Release|Any CPU
		{C59BD573-F18B-47F1-B95F-449A0D8F31FC}.Release|Any CPU.Build.0 = Release|Any CPU
	EndGlobalSection
	GlobalSection(SolutionProperties) = preSolution
		HideSolutionNode = FALSE
	EndGlobalSection
	GlobalSection(ExtensibilityGlobals) = postSolution
		SolutionGuid = {67063821-ECE5-4146-8A24-0129D7EB54BA}
	EndGlobalSection
EndGlobal
